
Microsoft Visual Studio Solution File, Format Version 12.00
# Visual Studio Version 17
VisualStudioVersion = 17.9.34723.18
MinimumVisualStudioVersion = 10.0.40219.1
Project("{2150E333-8FDC-42A3-9474-1A3956D46DE8}") = "FrontEnd", "FrontEnd", "{E41649B1-25A3-4CA1-898D-488E9C955772}"
EndProject
Project("{2150E333-8FDC-42A3-9474-1A3956D46DE8}") = "Services", "Services", "{EB1F0080-D71D-4462-BA40-4E8C85B3FD4B}"
EndProject
Project("{FAE04EC0-301F-11D3-BF4B-00C04F79EFBC}") = "GeekShopping.Web", "GeekShopping.Web\GeekShopping.Web.csproj", "{AC5B7200-549B-41BE-ACAE-8D80A90C1A5A}"
EndProject
Global
	GlobalSection(SolutionConfigurationPlatforms) = preSolution
		Debug|Any CPU = Debug|Any CPU
		Release|Any CPU = Release|Any CPU
	EndGlobalSection
	GlobalSection(ProjectConfigurationPlatforms) = postSolution
		{AC5B7200-549B-41BE-ACAE-8D80A90C1A5A}.Debug|Any CPU.ActiveCfg = Debug|Any CPU
		{AC5B7200-549B-41BE-ACAE-8D80A90C1A5A}.Debug|Any CPU.Build.0 = Debug|Any CPU
		{AC5B7200-549B-41BE-ACAE-8D80A90C1A5A}.Release|Any CPU.ActiveCfg = Release|Any CPU
		{AC5B7200-549B-41BE-ACAE-8D80A90C1A5A}.Release|Any CPU.Build.0 = Release|Any CPU
	EndGlobalSection
	GlobalSection(SolutionProperties) = preSolution
		HideSolutionNode = FALSE
	EndGlobalSection
	GlobalSection(NestedProjects) = preSolution
		{AC5B7200-549B-41BE-ACAE-8D80A90C1A5A} = {E41649B1-25A3-4CA1-898D-488E9C955772}
	EndGlobalSection
	GlobalSection(ExtensibilityGlobals) = postSolution
		SolutionGuid = {1546158C-0363-4516-90BD-EE9AA103E3D3}
	EndGlobalSection
EndGlobal
